
Microsoft Visual Studio Solution File, Format Version 12.00
# Visual Studio Version 17
VisualStudioVersion = 17.0.31912.275
MinimumVisualStudioVersion = 10.0.40219.1
Project("{FAE04EC0-301F-11D3-BF4B-00C04F79EFBC}") = "H1_Spotiflix_new", "H1_Spotiflix_new\H1_Spotiflix_new.csproj", "{02C67C2D-472F-4FB3-AE06-EE5A46E84CB7}"
EndProject
Global
	GlobalSection(SolutionConfigurationPlatforms) = preSolution
		Debug|Any CPU = Debug|Any CPU
		Release|Any CPU = Release|Any CPU
	EndGlobalSection
	GlobalSection(ProjectConfigurationPlatforms) = postSolution
		{02C67C2D-472F-4FB3-AE06-EE5A46E84CB7}.Debug|Any CPU.ActiveCfg = Debug|Any CPU
		{02C67C2D-472F-4FB3-AE06-EE5A46E84CB7}.Debug|Any CPU.Build.0 = Debug|Any CPU
		{02C67C2D-472F-4FB3-AE06-EE5A46E84CB7}.Release|Any CPU.ActiveCfg = Release|Any CPU
		{02C67C2D-472F-4FB3-AE06-EE5A46E84CB7}.Release|Any CPU.Build.0 = Release|Any CPU
	EndGlobalSection
	GlobalSection(SolutionProperties) = preSolution
		HideSolutionNode = FALSE
	EndGlobalSection
	GlobalSection(ExtensibilityGlobals) = postSolution
		SolutionGuid = {3070E3A1-CE67-4075-8955-DC91ACC91289}
	EndGlobalSection
EndGlobal
